PODS:
  - FLAnimatedImage (1.0.17)
  - IQKeyboardManager (6.5.11)
  - Nuke (9.5.0)
  - Nuke-FLAnimatedImage-Plugin (7.1.0):
    - FLAnimatedImage (~> 1.0)
    - Nuke (~> 9.0)

DEPENDENCIES:
  - FLAnimatedImage
  - IQKeyboardManager
  - Nuke
  - Nuke-FLAnimatedImage-Plugin

SPEC REPOS:
  trunk:
    - FLAnimatedImage
    - IQKeyboardManager
    - Nuke
    - Nuke-FLAnimatedImage-Plugin

SPEC CHECKSUMS:
  FLAnimatedImage: bbf914596368867157cc71b38a8ec834b3eeb32b
  IQKeyboardManager: ef43ce1ba1e5aaf4adf222c0a46f39761f246879
  Nuke: 6f400a4ea957e09149ec335a3c6acdcc814d89e4
  Nuke-FLAnimatedImage-Plugin: d4e97ea8c34d101c3b63f7cc44359acd5022cfe8

PODFILE CHECKSUM: 1670fbe2f9cdd385d2f9a73f790aa4df17ea398f

COCOAPODS: 1.11.3
